
Microsoft Visual Studio Solution File, Format Version 12.00
# Visual Studio Version 16
VisualStudioVersion = 16.0.31019.35
MinimumVisualStudioVersion = 10.0.40219.1
Project("{FAE04EC0-301F-11D3-BF4B-00C04F79EFBC}") = "Odev", "Odev\Odev.csproj", "{E4A19D56-50AA-4BE3-8E0B-09575D2F27B9}"
EndProject
Global
	GlobalSection(SolutionConfigurationPlatforms) = preSolution
		Debug|Any CPU = Debug|Any CPU
		Release|Any CPU = Release|Any CPU
	EndGlobalSection
	GlobalSection(ProjectConfigurationPlatforms) = postSolution
		{E4A19D56-50AA-4BE3-8E0B-09575D2F27B9}.Debug|Any CPU.ActiveCfg = Debug|Any CPU
		{E4A19D56-50AA-4BE3-8E0B-09575D2F27B9}.Debug|Any CPU.Build.0 = Debug|Any CPU
		{E4A19D56-50AA-4BE3-8E0B-09575D2F27B9}.Release|Any CPU.ActiveCfg = Release|Any CPU
		{E4A19D56-50AA-4BE3-8E0B-09575D2F27B9}.Release|Any CPU.Build.0 = Release|Any CPU
	EndGlobalSection
	GlobalSection(SolutionProperties) = preSolution
		HideSolutionNode = FALSE
	EndGlobalSection
	GlobalSection(ExtensibilityGlobals) = postSolution
		SolutionGuid = {1E4FCD1F-4444-471D-83E0-5361FBCE10E9}
	EndGlobalSection
EndGlobal
